// !$*UTF8*$!
{
	archiveVersion = 1;
	classes = {
	};
	objectVersion = 50;
	objects = {

/* Begin PBXBuildFile section */
		0C0F172A25640AA300C97208 /* TrashNinjaViewController.swift in Sources */ = {isa = PBXBuildFile; fileRef = 0C0F172925640AA300C97208 /* TrashNinjaViewController.swift */; };
		0C0F173625640AD100C97208 /* GameHelper.swift in Sources */ = {isa = PBXBuildFile; fileRef = 0C0F172F25640AD000C97208 /* GameHelper.swift */; };
		0C0F173B25640AD100C97208 /* Generics.swift in Sources */ = {isa = PBXBuildFile; fileRef = 0C0F173425640AD100C97208 /* Generics.swift */; };
		0C0F174025640ADB00C97208 /* ShapeTypes.swift in Sources */ = {isa = PBXBuildFile; fileRef = 0C0F173F25640ADB00C97208 /* ShapeTypes.swift */; };
		0C0F174825640B8200C97208 /* Extensions.swift in Sources */ = {isa = PBXBuildFile; fileRef = 0C0F174725640B8200C97208 /* Extensions.swift */; };
		0C0FF7B3256D2D5000B941B0 /* MapScene.swift in Sources */ = {isa = PBXBuildFile; fileRef = 0C0FF7B2256D2D5000B941B0 /* MapScene.swift */; };
		0C0FF7B8256D3DB800B941B0 /* Launch Screen.storyboard in Resources */ = {isa = PBXBuildFile; fileRef = 0C0FF7B7256D3DB800B941B0 /* Launch Screen.storyboard */; };
		0C0FF7C3256D4D9400B941B0 /* AnimationViewController.swift in Sources */ = {isa = PBXBuildFile; fileRef = 0C0FF7C2256D4D9400B941B0 /* AnimationViewController.swift */; };
		0C0FF7CB256EA6C100B941B0 /* Trash.swift in Sources */ = {isa = PBXBuildFile; fileRef = 0C0FF7CA256EA6C100B941B0 /* Trash.swift */; };
		0C77FC98256699ED002D9322 /* Protocols.swift in Sources */ = {isa = PBXBuildFile; fileRef = 0C77FC97256699ED002D9322 /* Protocols.swift */; };
		0C77FCA52566BCBC002D9322 /* GameScene.swift in Sources */ = {isa = PBXBuildFile; fileRef = 0C77FCA42566BCBC002D9322 /* GameScene.swift */; };
		0C990F90256593110035CAE8 /* GameHUD.swift in Sources */ = {isa = PBXBuildFile; fileRef = 0C990F8F256593110035CAE8 /* GameHUD.swift */; };
		0CFE013C255D836A00C00084 /* AppDelegate.swift in Sources */ = {isa = PBXBuildFile; fileRef = 0CFE013B255D836A00C00084 /* AppDelegate.swift */; };
		0CFE013E255D836A00C00084 /* art.scnassets in Resources */ = {isa = PBXBuildFile; fileRef = 0CFE013D255D836A00C00084 /* art.scnassets */; };
		0CFE0140255D836A00C00084 /* MapViewController.swift in Sources */ = {isa = PBXBuildFile; fileRef = 0CFE013F255D836A00C00084 /* MapViewController.swift */; };
		0CFE0145255D836B00C00084 /* Assets.xcassets in Resources */ = {isa = PBXBuildFile; fileRef = 0CFE0144255D836B00C00084 /* Assets.xcassets */; };
		0CFE0150255D836B00C00084 /* TearTests.swift in Sources */ = {isa = PBXBuildFile; fileRef = 0CFE014F255D836B00C00084 /* TearTests.swift */; };
		0CFE015B255D836B00C00084 /* TearUITests.swift in Sources */ = {isa = PBXBuildFile; fileRef = 0CFE015A255D836B00C00084 /* TearUITests.swift */; };
		C1C224BB256FDDAF00DAD429 /* ProgressCircle.swift in Sources */ = {isa = PBXBuildFile; fileRef = C1C224BA256FDDAF00DAD429 /* ProgressCircle.swift */; };
		C1C224C0256FFA8E00DAD429 /* progressIcon.png in Resources */ = {isa = PBXBuildFile; fileRef = C1C224BF256FFA8E00DAD429 /* progressIcon.png */; };
		C1FEFA872579232A00211C52 /* ProgressDetail.swift in Sources */ = {isa = PBXBuildFile; fileRef = C1FEFA862579232A00211C52 /* ProgressDetail.swift */; };
		C1FEFAA02579633500211C52 /* ProgressDetailData.swift in Sources */ = {isa = PBXBuildFile; fileRef = C1FEFA9F2579633500211C52 /* ProgressDetailData.swift */; };
		C1FEFAA8257963BE00211C52 /* IndividualProgressBar.swift in Sources */ = {isa = PBXBuildFile; fileRef = C1FEFAA7257963BE00211C52 /* IndividualProgressBar.swift */; };
		C1FEFAB02579871900211C52 /* ProgressBadges.swift in Sources */ = {isa = PBXBuildFile; fileRef = C1FEFAAF2579871900211C52 /* ProgressBadges.swift */; };
		C1FEFAB6257997AB00211C52 /* Roboto-Bold.ttf in Resources */ = {isa = PBXBuildFile; fileRef = C1FEFAB5257997A500211C52 /* Roboto-Bold.ttf */; };
		C1FEFABA257997B000211C52 /* Roboto-Bold.ttf in Resources */ = {isa = PBXBuildFile; fileRef = C1FEFAB5257997A500211C52 /* Roboto-Bold.ttf */; };
		C1FEFABE257997B000211C52 /* Roboto-Bold.ttf in Resources */ = {isa = PBXBuildFile; fileRef = C1FEFAB5257997A500211C52 /* Roboto-Bold.ttf */; };
		C1FEFAC32579AFF600211C52 /* MoreInformation.swift in Sources */ = {isa = PBXBuildFile; fileRef = C1FEFAC22579AFF600211C52 /* MoreInformation.swift */; };
/* End PBXBuildFile section */

/* Begin PBXContainerItemProxy section */
		0CFE014C255D836B00C00084 /* PBXContainerItemProxy */ = {
			isa = PBXContainerItemProxy;
			containerPortal = 0CFE0130255D836A00C00084 /* Project object */;
			proxyType = 1;
			remoteGlobalIDString = 0CFE0137255D836A00C00084;
			remoteInfo = Tear;
		};
		0CFE0157255D836B00C00084 /* PBXContainerItemProxy */ = {
			isa = PBXContainerItemProxy;
			containerPortal = 0CFE0130255D836A00C00084 /* Project object */;
			proxyType = 1;
			remoteGlobalIDString = 0CFE0137255D836A00C00084;
			remoteInfo = Tear;
		};
/* End PBXContainerItemProxy section */

/* Begin PBXFileReference section */
		0C0F172925640AA300C97208 /* TrashNinjaViewController.swift */ = {isa = PBXFileReference; lastKnownFileType = sourcecode.swift; path = TrashNinjaViewController.swift; sourceTree = "<group>"; };
		0C0F172F25640AD000C97208 /* GameHelper.swift */ = {isa = PBXFileReference; fileEncoding = 4; lastKnownFileType = sourcecode.swift; path = GameHelper.swift; sourceTree = "<group>"; };
		0C0F173425640AD100C97208 /* Generics.swift */ = {isa = PBXFileReference; fileEncoding = 4; lastKnownFileType = sourcecode.swift; path = Generics.swift; sourceTree = "<group>"; };
		0C0F173F25640ADB00C97208 /* ShapeTypes.swift */ = {isa = PBXFileReference; fileEncoding = 4; lastKnownFileType = sourcecode.swift; path = ShapeTypes.swift; sourceTree = "<group>"; };
		0C0F174725640B8200C97208 /* Extensions.swift */ = {isa = PBXFileReference; lastKnownFileType = sourcecode.swift; path = Extensions.swift; sourceTree = "<group>"; };
		0C0FF7B2256D2D5000B941B0 /* MapScene.swift */ = {isa = PBXFileReference; lastKnownFileType = sourcecode.swift; path = MapScene.swift; sourceTree = "<group>"; };
		0C0FF7B7256D3DB800B941B0 /* Launch Screen.storyboard */ = {isa = PBXFileReference; lastKnownFileType = file.storyboard; path = "Launch Screen.storyboard"; sourceTree = "<group>"; };
		0C0FF7C2256D4D9400B941B0 /* AnimationViewController.swift */ = {isa = PBXFileReference; lastKnownFileType = sourcecode.swift; path = AnimationViewController.swift; sourceTree = "<group>"; };
		0C0FF7CA256EA6C100B941B0 /* Trash.swift */ = {isa = PBXFileReference; lastKnownFileType = sourcecode.swift; path = Trash.swift; sourceTree = "<group>"; };
		0C77FC97256699ED002D9322 /* Protocols.swift */ = {isa = PBXFileReference; lastKnownFileType = sourcecode.swift; path = Protocols.swift; sourceTree = "<group>"; };
		0C77FCA42566BCBC002D9322 /* GameScene.swift */ = {isa = PBXFileReference; lastKnownFileType = sourcecode.swift; path = GameScene.swift; sourceTree = "<group>"; };
		0C990F8F256593110035CAE8 /* GameHUD.swift */ = {isa = PBXFileReference; lastKnownFileType = sourcecode.swift; path = GameHUD.swift; sourceTree = "<group>"; };
		0CFE0138255D836A00C00084 /* Tear.app */ = {isa = PBXFileReference; explicitFileType = wrapper.application; includeInIndex = 0; path = Tear.app; sourceTree = BUILT_PRODUCTS_DIR; };
		0CFE013B255D836A00C00084 /* AppDelegate.swift */ = {isa = PBXFileReference; lastKnownFileType = sourcecode.swift; path = AppDelegate.swift; sourceTree = "<group>"; };
		0CFE013D255D836A00C00084 /* art.scnassets */ = {isa = PBXFileReference; lastKnownFileType = wrapper.scnassets; path = art.scnassets; sourceTree = "<group>"; };
		0CFE013F255D836A00C00084 /* MapViewController.swift */ = {isa = PBXFileReference; lastKnownFileType = sourcecode.swift; path = MapViewController.swift; sourceTree = "<group>"; };
		0CFE0144255D836B00C00084 /* Assets.xcassets */ = {isa = PBXFileReference; lastKnownFileType = folder.assetcatalog; path = Assets.xcassets; sourceTree = "<group>"; };
		0CFE0146255D836B00C00084 /* Info.plist */ = {isa = PBXFileReference; lastKnownFileType = text.plist.xml; path = Info.plist; sourceTree = "<group>"; };
		0CFE014B255D836B00C00084 /* TearTests.xctest */ = {isa = PBXFileReference; explicitFileType = wrapper.cfbundle; includeInIndex = 0; path = TearTests.xctest; sourceTree = BUILT_PRODUCTS_DIR; };
		0CFE014F255D836B00C00084 /* TearTests.swift */ = {isa = PBXFileReference; lastKnownFileType = sourcecode.swift; path = TearTests.swift; sourceTree = "<group>"; };
		0CFE0151255D836B00C00084 /* Info.plist */ = {isa = PBXFileReference; lastKnownFileType = text.plist.xml; path = Info.plist; sourceTree = "<group>"; };
		0CFE0156255D836B00C00084 /* TearUITests.xctest */ = {isa = PBXFileReference; explicitFileType = wrapper.cfbundle; includeInIndex = 0; path = TearUITests.xctest; sourceTree = BUILT_PRODUCTS_DIR; };
		0CFE015A255D836B00C00084 /* TearUITests.swift */ = {isa = PBXFileReference; lastKnownFileType = sourcecode.swift; path = TearUITests.swift; sourceTree = "<group>"; };
		0CFE015C255D836B00C00084 /* Info.plist */ = {isa = PBXFileReference; lastKnownFileType = text.plist.xml; path = Info.plist; sourceTree = "<group>"; };
		C1C224BA256FDDAF00DAD429 /* ProgressCircle.swift */ = {isa = PBXFileReference; lastKnownFileType = sourcecode.swift; path = ProgressCircle.swift; sourceTree = "<group>"; };
		C1C224BF256FFA8E00DAD429 /* progressIcon.png */ = {isa = PBXFileReference; lastKnownFileType = image.png; path = progressIcon.png; sourceTree = "<group>"; };
		C1FEFA862579232A00211C52 /* ProgressDetail.swift */ = {isa = PBXFileReference; lastKnownFileType = sourcecode.swift; path = ProgressDetail.swift; sourceTree = "<group>"; };
		C1FEFA9F2579633500211C52 /* ProgressDetailData.swift */ = {isa = PBXFileReference; lastKnownFileType = sourcecode.swift; path = ProgressDetailData.swift; sourceTree = "<group>"; };
		C1FEFAA7257963BE00211C52 /* IndividualProgressBar.swift */ = {isa = PBXFileReference; lastKnownFileType = sourcecode.swift; path = IndividualProgressBar.swift; sourceTree = "<group>"; };
		C1FEFAAF2579871900211C52 /* ProgressBadges.swift */ = {isa = PBXFileReference; lastKnownFileType = sourcecode.swift; path = ProgressBadges.swift; sourceTree = "<group>"; };
		C1FEFAB5257997A500211C52 /* Roboto-Bold.ttf */ = {isa = PBXFileReference; lastKnownFileType = file; path = "Roboto-Bold.ttf"; sourceTree = "<group>"; };
		C1FEFAC22579AFF600211C52 /* MoreInformation.swift */ = {isa = PBXFileReference; lastKnownFileType = sourcecode.swift; path = MoreInformation.swift; sourceTree = "<group>"; };
/* End PBXFileReference section */

/* Begin PBXFrameworksBuildPhase section */
		0CFE0135255D836A00C00084 /* Frameworks */ = {
			isa = PBXFrameworksBuildPhase;
			buildActionMask = 2147483647;
			files = (
			);
			runOnlyForDeploymentPostprocessing = 0;
		};
		0CFE0148255D836B00C00084 /* Frameworks */ = {
			isa = PBXFrameworksBuildPhase;
			buildActionMask = 2147483647;
			files = (
			);
			runOnlyForDeploymentPostprocessing = 0;
		};
		0CFE0153255D836B00C00084 /* Frameworks */ = {
			isa = PBXFrameworksBuildPhase;
			buildActionMask = 2147483647;
			files = (
			);
			runOnlyForDeploymentPostprocessing = 0;
		};
/* End PBXFrameworksBuildPhase section */

/* Begin PBXGroup section */
		0C0F172725640A7700C97208 /* Minigames */ = {
			isa = PBXGroup;
			children = (
				0C0F172825640A8700C97208 /* TrashNinja */,
			);
			path = Minigames;
			sourceTree = "<group>";
		};
		0C0F172825640A8700C97208 /* TrashNinja */ = {
			isa = PBXGroup;
			children = (
				0C0F173F25640ADB00C97208 /* ShapeTypes.swift */,
				0C0F172F25640AD000C97208 /* GameHelper.swift */,
				0C0F173425640AD100C97208 /* Generics.swift */,
				0C0F172925640AA300C97208 /* TrashNinjaViewController.swift */,
				0C0F174725640B8200C97208 /* Extensions.swift */,
				0C990F8F256593110035CAE8 /* GameHUD.swift */,
				0C77FC97256699ED002D9322 /* Protocols.swift */,
				0C77FCA42566BCBC002D9322 /* GameScene.swift */,
				0C0FF7CA256EA6C100B941B0 /* Trash.swift */,
			);
			path = TrashNinja;
			sourceTree = "<group>";
		};
		0C9341D9255EC403008FF592 /* Models */ = {
			isa = PBXGroup;
			children = (
			);
			path = Models;
			sourceTree = "<group>";
		};
		0C9341DA255EC409008FF592 /* Views */ = {
			isa = PBXGroup;
			children = (
				C1FEFA9E2579630F00211C52 /* Progress */,
				0C0FF7B7256D3DB800B941B0 /* Launch Screen.storyboard */,
				0C0FF7B2256D2D5000B941B0 /* MapScene.swift */,
			);
			path = Views;
			sourceTree = "<group>";
		};
		0C9341DB255EC40D008FF592 /* Controllers */ = {
			isa = PBXGroup;
			children = (
				0CFE013F255D836A00C00084 /* MapViewController.swift */,
				0C0FF7C2256D4D9400B941B0 /* AnimationViewController.swift */,
			);
			path = Controllers;
			sourceTree = "<group>";
		};
		0CFE012F255D836A00C00084 = {
			isa = PBXGroup;
			children = (
				0CFE013A255D836A00C00084 /* Tear */,
				0CFE014E255D836B00C00084 /* TearTests */,
				0CFE0159255D836B00C00084 /* TearUITests */,
				0CFE0139255D836A00C00084 /* Products */,
			);
			sourceTree = "<group>";
		};
		0CFE0139255D836A00C00084 /* Products */ = {
			isa = PBXGroup;
			children = (
				0CFE0138255D836A00C00084 /* Tear.app */,
				0CFE014B255D836B00C00084 /* TearTests.xctest */,
				0CFE0156255D836B00C00084 /* TearUITests.xctest */,
			);
			name = Products;
			sourceTree = "<group>";
		};
		0CFE013A255D836A00C00084 /* Tear */ = {
			isa = PBXGroup;
			children = (
				C1FEFAB42579979700211C52 /* Fonts */,
				0C0F172725640A7700C97208 /* Minigames */,
				0C9341DB255EC40D008FF592 /* Controllers */,
				0C9341DA255EC409008FF592 /* Views */,
				0C9341D9255EC403008FF592 /* Models */,
				0CFE013B255D836A00C00084 /* AppDelegate.swift */,
				0CFE013D255D836A00C00084 /* art.scnassets */,
				0CFE0144255D836B00C00084 /* Assets.xcassets */,
				C1C224BF256FFA8E00DAD429 /* progressIcon.png */,
				0CFE0146255D836B00C00084 /* Info.plist */,
			);
			path = Tear;
			sourceTree = "<group>";
		};
		0CFE014E255D836B00C00084 /* TearTests */ = {
			isa = PBXGroup;
			children = (
				0CFE014F255D836B00C00084 /* TearTests.swift */,
				0CFE0151255D836B00C00084 /* Info.plist */,
			);
			path = TearTests;
			sourceTree = "<group>";
		};
		0CFE0159255D836B00C00084 /* TearUITests */ = {
			isa = PBXGroup;
			children = (
				0CFE015A255D836B00C00084 /* TearUITests.swift */,
				0CFE015C255D836B00C00084 /* Info.plist */,
			);
			path = TearUITests;
			sourceTree = "<group>";
		};
		C1FEFA9E2579630F00211C52 /* Progress */ = {
			isa = PBXGroup;
			children = (
				C1C224BA256FDDAF00DAD429 /* ProgressCircle.swift */,
				C1FEFA862579232A00211C52 /* ProgressDetail.swift */,
				C1FEFA9F2579633500211C52 /* ProgressDetailData.swift */,
				C1FEFAA7257963BE00211C52 /* IndividualProgressBar.swift */,
				C1FEFAAF2579871900211C52 /* ProgressBadges.swift */,
				C1FEFAC22579AFF600211C52 /* MoreInformation.swift */,
			);
			name = Progress;
			sourceTree = "<group>";
		};
		C1FEFAB42579979700211C52 /* Fonts */ = {
			isa = PBXGroup;
			children = (
				C1FEFAB5257997A500211C52 /* Roboto-Bold.ttf */,
			);
			path = Fonts;
			sourceTree = "<group>";
		};
/* End PBXGroup section */

/* Begin PBXNativeTarget section */
		0CFE0137255D836A00C00084 /* Tear */ = {
			isa = PBXNativeTarget;
			buildConfigurationList = 0CFE015F255D836B00C00084 /* Build configuration list for PBXNativeTarget "Tear" */;
			buildPhases = (
				0CFE0134255D836A00C00084 /* Sources */,
				0CFE0135255D836A00C00084 /* Frameworks */,
				0CFE0136255D836A00C00084 /* Resources */,
			);
			buildRules = (
			);
			dependencies = (
			);
			name = Tear;
			productName = Tear;
			productReference = 0CFE0138255D836A00C00084 /* Tear.app */;
			productType = "com.apple.product-type.application";
		};
		0CFE014A255D836B00C00084 /* TearTests */ = {
			isa = PBXNativeTarget;
			buildConfigurationList = 0CFE0162255D836B00C00084 /* Build configuration list for PBXNativeTarget "TearTests" */;
			buildPhases = (
				0CFE0147255D836B00C00084 /* Sources */,
				0CFE0148255D836B00C00084 /* Frameworks */,
				0CFE0149255D836B00C00084 /* Resources */,
			);
			buildRules = (
			);
			dependencies = (
				0CFE014D255D836B00C00084 /* PBXTargetDependency */,
			);
			name = TearTests;
			productName = TearTests;
			productReference = 0CFE014B255D836B00C00084 /* TearTests.xctest */;
			productType = "com.apple.product-type.bundle.unit-test";
		};
		0CFE0155255D836B00C00084 /* TearUITests */ = {
			isa = PBXNativeTarget;
			buildConfigurationList = 0CFE0165255D836B00C00084 /* Build configuration list for PBXNativeTarget "TearUITests" */;
			buildPhases = (
				0CFE0152255D836B00C00084 /* Sources */,
				0CFE0153255D836B00C00084 /* Frameworks */,
				0CFE0154255D836B00C00084 /* Resources */,
			);
			buildRules = (
			);
			dependencies = (
				0CFE0158255D836B00C00084 /* PBXTargetDependency */,
			);
			name = TearUITests;
			productName = TearUITests;
			productReference = 0CFE0156255D836B00C00084 /* TearUITests.xctest */;
			productType = "com.apple.product-type.bundle.ui-testing";
		};
/* End PBXNativeTarget section */

/* Begin PBXProject section */
		0CFE0130255D836A00C00084 /* Project object */ = {
			isa = PBXProject;
			attributes = {
				LastSwiftUpdateCheck = 1210;
				LastUpgradeCheck = 1210;
				TargetAttributes = {
					0CFE0137255D836A00C00084 = {
						CreatedOnToolsVersion = 12.1;
					};
					0CFE014A255D836B00C00084 = {
						CreatedOnToolsVersion = 12.1;
						TestTargetID = 0CFE0137255D836A00C00084;
					};
					0CFE0155255D836B00C00084 = {
						CreatedOnToolsVersion = 12.1;
						TestTargetID = 0CFE0137255D836A00C00084;
					};
				};
			};
			buildConfigurationList = 0CFE0133255D836A00C00084 /* Build configuration list for PBXProject "Tear" */;
			compatibilityVersion = "Xcode 9.3";
			developmentRegion = en;
			hasScannedForEncodings = 0;
			knownRegions = (
				en,
				Base,
			);
			mainGroup = 0CFE012F255D836A00C00084;
			productRefGroup = 0CFE0139255D836A00C00084 /* Products */;
			projectDirPath = "";
			projectRoot = "";
			targets = (
				0CFE0137255D836A00C00084 /* Tear */,
				0CFE014A255D836B00C00084 /* TearTests */,
				0CFE0155255D836B00C00084 /* TearUITests */,
			);
		};
/* End PBXProject section */

/* Begin PBXResourcesBuildPhase section */
		0CFE0136255D836A00C00084 /* Resources */ = {
			isa = PBXResourcesBuildPhase;
			buildActionMask = 2147483647;
			files = (
				0C0FF7B8256D3DB800B941B0 /* Launch Screen.storyboard in Resources */,
				C1C224C0256FFA8E00DAD429 /* progressIcon.png in Resources */,
				C1FEFAB6257997AB00211C52 /* Roboto-Bold.ttf in Resources */,
				0CFE013E255D836A00C00084 /* art.scnassets in Resources */,
				0CFE0145255D836B00C00084 /* Assets.xcassets in Resources */,
			);
			runOnlyForDeploymentPostprocessing = 0;
		};
		0CFE0149255D836B00C00084 /* Resources */ = {
			isa = PBXResourcesBuildPhase;
			buildActionMask = 2147483647;
			files = (
				C1FEFABA257997B000211C52 /* Roboto-Bold.ttf in Resources */,
			);
			runOnlyForDeploymentPostprocessing = 0;
		};
		0CFE0154255D836B00C00084 /* Resources */ = {
			isa = PBXResourcesBuildPhase;
			buildActionMask = 2147483647;
			files = (
				C1FEFABE257997B000211C52 /* Roboto-Bold.ttf in Resources */,
			);
			runOnlyForDeploymentPostprocessing = 0;
		};
/* End PBXResourcesBuildPhase section */

/* Begin PBXSourcesBuildPhase section */
		0CFE0134255D836A00C00084 /* Sources */ = {
			isa = PBXSourcesBuildPhase;
			buildActionMask = 2147483647;
			files = (
				0C77FCA52566BCBC002D9322 /* GameScene.swift in Sources */,
				0C0F173625640AD100C97208 /* GameHelper.swift in Sources */,
				C1C224BB256FDDAF00DAD429 /* ProgressCircle.swift in Sources */,
				0C0F174025640ADB00C97208 /* ShapeTypes.swift in Sources */,
				C1FEFAC32579AFF600211C52 /* MoreInformation.swift in Sources */,
				C1FEFAB02579871900211C52 /* ProgressBadges.swift in Sources */,
				0C0FF7C3256D4D9400B941B0 /* AnimationViewController.swift in Sources */,
				C1FEFAA02579633500211C52 /* ProgressDetailData.swift in Sources */,
				0CFE0140255D836A00C00084 /* MapViewController.swift in Sources */,
				0C77FC98256699ED002D9322 /* Protocols.swift in Sources */,
				0C0F174825640B8200C97208 /* Extensions.swift in Sources */,
				0C0FF7CB256EA6C100B941B0 /* Trash.swift in Sources */,
				0C0FF7B3256D2D5000B941B0 /* MapScene.swift in Sources */,
				C1FEFAA8257963BE00211C52 /* IndividualProgressBar.swift in Sources */,
				0C990F90256593110035CAE8 /* GameHUD.swift in Sources */,
				0C0F172A25640AA300C97208 /* TrashNinjaViewController.swift in Sources */,
				0C0F173B25640AD100C97208 /* Generics.swift in Sources */,
				C1FEFA872579232A00211C52 /* ProgressDetail.swift in Sources */,
				0CFE013C255D836A00C00084 /* AppDelegate.swift in Sources */,
			);
			runOnlyForDeploymentPostprocessing = 0;
		};
		0CFE0147255D836B00C00084 /* Sources */ = {
			isa = PBXSourcesBuildPhase;
			buildActionMask = 2147483647;
			files = (
				0CFE0150255D836B00C00084 /* TearTests.swift in Sources */,
			);
			runOnlyForDeploymentPostprocessing = 0;
		};
		0CFE0152255D836B00C00084 /* Sources */ = {
			isa = PBXSourcesBuildPhase;
			buildActionMask = 2147483647;
			files = (
				0CFE015B255D836B00C00084 /* TearUITests.swift in Sources */,
			);
			runOnlyForDeploymentPostprocessing = 0;
		};
/* End PBXSourcesBuildPhase section */

/* Begin PBXTargetDependency section */
		0CFE014D255D836B00C00084 /* PBXTargetDependency */ = {
			isa = PBXTargetDependency;
			target = 0CFE0137255D836A00C00084 /* Tear */;
			targetProxy = 0CFE014C255D836B00C00084 /* PBXContainerItemProxy */;
		};
		0CFE0158255D836B00C00084 /* PBXTargetDependency */ = {
			isa = PBXTargetDependency;
			target = 0CFE0137255D836A00C00084 /* Tear */;
			targetProxy = 0CFE0157255D836B00C00084 /* PBXContainerItemProxy */;
		};
/* End PBXTargetDependency section */

/* Begin XCBuildConfiguration section */
		0CFE015D255D836B00C00084 /* Debug */ = {
			isa = XCBuildConfiguration;
			buildSettings = {
				ALWAYS_SEARCH_USER_PATHS = NO;
				CLANG_ANALYZER_NONNULL = YES;
				CLANG_ANALYZER_NUMBER_OBJECT_CONVERSION = YES_AGGRESSIVE;
				CLANG_CXX_LANGUAGE_STANDARD = "gnu++14";
				CLANG_CXX_LIBRARY = "libc++";
				CLANG_ENABLE_MODULES = YES;
				CLANG_ENABLE_OBJC_ARC = YES;
				CLANG_ENABLE_OBJC_WEAK = YES;
				CLANG_WARN_BLOCK_CAPTURE_AUTORELEASING = YES;
				CLANG_WARN_BOOL_CONVERSION = YES;
				CLANG_WARN_COMMA = YES;
				CLANG_WARN_CONSTANT_CONVERSION = YES;
				CLANG_WARN_DEPRECATED_OBJC_IMPLEMENTATIONS = YES;
				CLANG_WARN_DIRECT_OBJC_ISA_USAGE = YES_ERROR;
				CLANG_WARN_DOCUMENTATION_COMMENTS = YES;
				CLANG_WARN_EMPTY_BODY = YES;
				CLANG_WARN_ENUM_CONVERSION = YES;
				CLANG_WARN_INFINITE_RECURSION = YES;
				CLANG_WARN_INT_CONVERSION = YES;
				CLANG_WARN_NON_LITERAL_NULL_CONVERSION = YES;
				CLANG_WARN_OBJC_IMPLICIT_RETAIN_SELF = YES;
				CLANG_WARN_OBJC_LITERAL_CONVERSION = YES;
				CLANG_WARN_OBJC_ROOT_CLASS = YES_ERROR;
				CLANG_WARN_QUOTED_INCLUDE_IN_FRAMEWORK_HEADER = YES;
				CLANG_WARN_RANGE_LOOP_ANALYSIS = YES;
				CLANG_WARN_STRICT_PROTOTYPES = YES;
				CLANG_WARN_SUSPICIOUS_MOVE = YES;
				CLANG_WARN_UNGUARDED_AVAILABILITY = YES_AGGRESSIVE;
				CLANG_WARN_UNREACHABLE_CODE = YES;
				CLANG_WARN__DUPLICATE_METHOD_MATCH = YES;
				COPY_PHASE_STRIP = NO;
				DEBUG_INFORMATION_FORMAT = dwarf;
				ENABLE_STRICT_OBJC_MSGSEND = YES;
				ENABLE_TESTABILITY = YES;
				GCC_C_LANGUAGE_STANDARD = gnu11;
				GCC_DYNAMIC_NO_PIC = NO;
				GCC_NO_COMMON_BLOCKS = YES;
				GCC_OPTIMIZATION_LEVEL = 0;
				GCC_PREPROCESSOR_DEFINITIONS = (
					"DEBUG=1",
					"$(inherited)",
				);
				GCC_WARN_64_TO_32_BIT_CONVERSION = YES;
				GCC_WARN_ABOUT_RETURN_TYPE = YES_ERROR;
				GCC_WARN_UNDECLARED_SELECTOR = YES;
				GCC_WARN_UNINITIALIZED_AUTOS = YES_AGGRESSIVE;
				GCC_WARN_UNUSED_FUNCTION = YES;
				GCC_WARN_UNUSED_VARIABLE = YES;
				IPHONEOS_DEPLOYMENT_TARGET = 14.1;
				MTL_ENABLE_DEBUG_INFO = INCLUDE_SOURCE;
				MTL_FAST_MATH = YES;
				ONLY_ACTIVE_ARCH = YES;
				SDKROOT = iphoneos;
				SWIFT_ACTIVE_COMPILATION_CONDITIONS = DEBUG;
				SWIFT_OPTIMIZATION_LEVEL = "-Onone";
			};
			name = Debug;
		};
		0CFE015E255D836B00C00084 /* Release */ = {
			isa = XCBuildConfiguration;
			buildSettings = {
				ALWAYS_SEARCH_USER_PATHS = NO;
				CLANG_ANALYZER_NONNULL = YES;
				CLANG_ANALYZER_NUMBER_OBJECT_CONVERSION = YES_AGGRESSIVE;
				CLANG_CXX_LANGUAGE_STANDARD = "gnu++14";
				CLANG_CXX_LIBRARY = "libc++";
				CLANG_ENABLE_MODULES = YES;
				CLANG_ENABLE_OBJC_ARC = YES;
				CLANG_ENABLE_OBJC_WEAK = YES;
				CLANG_WARN_BLOCK_CAPTURE_AUTORELEASING = YES;
				CLANG_WARN_BOOL_CONVERSION = YES;
				CLANG_WARN_COMMA = YES;
				CLANG_WARN_CONSTANT_CONVERSION = YES;
				CLANG_WARN_DEPRECATED_OBJC_IMPLEMENTATIONS = YES;
				CLANG_WARN_DIRECT_OBJC_ISA_USAGE = YES_ERROR;
				CLANG_WARN_DOCUMENTATION_COMMENTS = YES;
				CLANG_WARN_EMPTY_BODY = YES;
				CLANG_WARN_ENUM_CONVERSION = YES;
				CLANG_WARN_INFINITE_RECURSION = YES;
				CLANG_WARN_INT_CONVERSION = YES;
				CLANG_WARN_NON_LITERAL_NULL_CONVERSION = YES;
				CLANG_WARN_OBJC_IMPLICIT_RETAIN_SELF = YES;
				CLANG_WARN_OBJC_LITERAL_CONVERSION = YES;
				CLANG_WARN_OBJC_ROOT_CLASS = YES_ERROR;
				CLANG_WARN_QUOTED_INCLUDE_IN_FRAMEWORK_HEADER = YES;
				CLANG_WARN_RANGE_LOOP_ANALYSIS = YES;
				CLANG_WARN_STRICT_PROTOTYPES = YES;
				CLANG_WARN_SUSPICIOUS_MOVE = YES;
				CLANG_WARN_UNGUARDED_AVAILABILITY = YES_AGGRESSIVE;
				CLANG_WARN_UNREACHABLE_CODE = YES;
				CLANG_WARN__DUPLICATE_METHOD_MATCH = YES;
				COPY_PHASE_STRIP = NO;
				DEBUG_INFORMATION_FORMAT = "dwarf-with-dsym";
				ENABLE_NS_ASSERTIONS = NO;
				ENABLE_STRICT_OBJC_MSGSEND = YES;
				GCC_C_LANGUAGE_STANDARD = gnu11;
				GCC_NO_COMMON_BLOCKS = YES;
				GCC_WARN_64_TO_32_BIT_CONVERSION = YES;
				GCC_WARN_ABOUT_RETURN_TYPE = YES_ERROR;
				GCC_WARN_UNDECLARED_SELECTOR = YES;
				GCC_WARN_UNINITIALIZED_AUTOS = YES_AGGRESSIVE;
				GCC_WARN_UNUSED_FUNCTION = YES;
				GCC_WARN_UNUSED_VARIABLE = YES;
				IPHONEOS_DEPLOYMENT_TARGET = 14.1;
				MTL_ENABLE_DEBUG_INFO = NO;
				MTL_FAST_MATH = YES;
				SDKROOT = iphoneos;
				SWIFT_COMPILATION_MODE = wholemodule;
				SWIFT_OPTIMIZATION_LEVEL = "-O";
				VALIDATE_PRODUCT = YES;
			};
			name = Release;
		};
		0CFE0160255D836B00C00084 /* Debug */ = {
			isa = XCBuildConfiguration;
			buildSettings = {
				ASSETCATALOG_COMPILER_APPICON_NAME = AppIcon;
				ASSETCATALOG_COMPILER_GLOBAL_ACCENT_COLOR_NAME = AccentColor;
				CODE_SIGN_STYLE = Automatic;
				DEVELOPMENT_TEAM = 2529YUQTU2;
				INFOPLIST_FILE = Tear/Info.plist;
				LD_RUNPATH_SEARCH_PATHS = (
					"$(inherited)",
					"@executable_path/Frameworks",
				);
				MARKETING_VERSION = 1.1;
				PRODUCT_BUNDLE_IDENTIFIER = com.tomaawa.tear;
				PRODUCT_NAME = "$(TARGET_NAME)";
				SWIFT_VERSION = 5.0;
				TARGETED_DEVICE_FAMILY = "1,2";
			};
			name = Debug;
		};
		0CFE0161255D836B00C00084 /* Release */ = {
			isa = XCBuildConfiguration;
			buildSettings = {
				ASSETCATALOG_COMPILER_APPICON_NAME = AppIcon;
				ASSETCATALOG_COMPILER_GLOBAL_ACCENT_COLOR_NAME = AccentColor;
				CODE_SIGN_STYLE = Automatic;
				DEVELOPMENT_TEAM = 2529YUQTU2;
				INFOPLIST_FILE = Tear/Info.plist;
				LD_RUNPATH_SEARCH_PATHS = (
					"$(inherited)",
					"@executable_path/Frameworks",
				);
				MARKETING_VERSION = 1.1;
				PRODUCT_BUNDLE_IDENTIFIER = com.tomaawa.tear;
				PRODUCT_NAME = "$(TARGET_NAME)";
				SWIFT_VERSION = 5.0;
				TARGETED_DEVICE_FAMILY = "1,2";
			};
			name = Release;
		};
		0CFE0163255D836B00C00084 /* Debug */ = {
			isa = XCBuildConfiguration;
			buildSettings = {
				ALWAYS_EMBED_SWIFT_STANDARD_LIBRARIES = YES;
				BUNDLE_LOADER = "$(TEST_HOST)";
				CODE_SIGN_STYLE = Automatic;
				DEVELOPMENT_TEAM = KBDYNQ5FQB;
				INFOPLIST_FILE = TearTests/Info.plist;
				IPHONEOS_DEPLOYMENT_TARGET = 14.1;
				LD_RUNPATH_SEARCH_PATHS = (
					"$(inherited)",
					"@executable_path/Frameworks",
					"@loader_path/Frameworks",
				);
				PRODUCT_BUNDLE_IDENTIFIER = br.ufpe.academy.TearTests;
				PRODUCT_NAME = "$(TARGET_NAME)";
				SWIFT_VERSION = 5.0;
				TARGETED_DEVICE_FAMILY = "1,2";
				TEST_HOST = "$(BUILT_PRODUCTS_DIR)/Tear.app/Tear";
			};
			name = Debug;
		};
		0CFE0164255D836B00C00084 /* Release */ = {
			isa = XCBuildConfiguration;
			buildSettings = {
				ALWAYS_EMBED_SWIFT_STANDARD_LIBRARIES = YES;
				BUNDLE_LOADER = "$(TEST_HOST)";
				CODE_SIGN_STYLE = Automatic;
				DEVELOPMENT_TEAM = KBDYNQ5FQB;
				INFOPLIST_FILE = TearTests/Info.plist;
				IPHONEOS_DEPLOYMENT_TARGET = 14.1;
				LD_RUNPATH_SEARCH_PATHS = (
					"$(inherited)",
					"@executable_path/Frameworks",
					"@loader_path/Frameworks",
				);
				PRODUCT_BUNDLE_IDENTIFIER = br.ufpe.academy.TearTests;
				PRODUCT_NAME = "$(TARGET_NAME)";
				SWIFT_VERSION = 5.0;
				TARGETED_DEVICE_FAMILY = "1,2";
				TEST_HOST = "$(BUILT_PRODUCTS_DIR)/Tear.app/Tear";
			};
			name = Release;
		};
		0CFE0166255D836B00C00084 /* Debug */ = {
			isa = XCBuildConfiguration;
			buildSettings = {
				ALWAYS_EMBED_SWIFT_STANDARD_LIBRARIES = YES;
				CODE_SIGN_STYLE = Automatic;
				DEVELOPMENT_TEAM = KBDYNQ5FQB;
				INFOPLIST_FILE = TearUITests/Info.plist;
				LD_RUNPATH_SEARCH_PATHS = (
					"$(inherited)",
					"@executable_path/Frameworks",
					"@loader_path/Frameworks",
				);
				PRODUCT_BUNDLE_IDENTIFIER = br.ufpe.academy.TearUITests;
				PRODUCT_NAME = "$(TARGET_NAME)";
				SWIFT_VERSION = 5.0;
				TARGETED_DEVICE_FAMILY = "1,2";
				TEST_TARGET_NAME = Tear;
			};
			name = Debug;
		};
		0CFE0167255D836B00C00084 /* Release */ = {
			isa = XCBuildConfiguration;
			buildSettings = {
				ALWAYS_EMBED_SWIFT_STANDARD_LIBRARIES = YES;
				CODE_SIGN_STYLE = Automatic;
				DEVELOPMENT_TEAM = KBDYNQ5FQB;
				INFOPLIST_FILE = TearUITests/Info.plist;
				LD_RUNPATH_SEARCH_PATHS = (
					"$(inherited)",
					"@executable_path/Frameworks",
					"@loader_path/Frameworks",
				);
				PRODUCT_BUNDLE_IDENTIFIER = br.ufpe.academy.TearUITests;
				PRODUCT_NAME = "$(TARGET_NAME)";
				SWIFT_VERSION = 5.0;
				TARGETED_DEVICE_FAMILY = "1,2";
				TEST_TARGET_NAME = Tear;
			};
			name = Release;
		};
/* End XCBuildConfiguration section */

/* Begin XCConfigurationList section */
		0CFE0133255D836A00C00084 /* Build configuration list for PBXProject "Tear" */ = {
			isa = XCConfigurationList;
			buildConfigurations = (
				0CFE015D255D836B00C00084 /* Debug */,
				0CFE015E255D836B00C00084 /* Release */,
			);
			defaultConfigurationIsVisible = 0;
			defaultConfigurationName = Release;
		};
		0CFE015F255D836B00C00084 /* Build configuration list for PBXNativeTarget "Tear" */ = {
			isa = XCConfigurationList;
			buildConfigurations = (
				0CFE0160255D836B00C00084 /* Debug */,
				0CFE0161255D836B00C00084 /* Release */,
			);
			defaultConfigurationIsVisible = 0;
			defaultConfigurationName = Release;
		};
		0CFE0162255D836B00C00084 /* Build configuration list for PBXNativeTarget "TearTests" */ = {
			isa = XCConfigurationList;
			buildConfigurations = (
				0CFE0163255D836B00C00084 /* Debug */,
				0CFE0164255D836B00C00084 /* Release */,
			);
			defaultConfigurationIsVisible = 0;
			defaultConfigurationName = Release;
		};
		0CFE0165255D836B00C00084 /* Build configuration list for PBXNativeTarget "TearUITests" */ = {
			isa = XCConfigurationList;
			buildConfigurations = (
				0CFE0166255D836B00C00084 /* Debug */,
				0CFE0167255D836B00C00084 /* Release */,
			);
			defaultConfigurationIsVisible = 0;
			defaultConfigurationName = Release;
		};
/* End XCConfigurationList section */
	};
	rootObject = 0CFE0130255D836A00C00084 /* Project object */;
}
